{
  "name": "vue-blocks",
  "version": "0.4.1",
  "lockfileVersion": 1,
  "requires": true,
  "dependencies": {
    "vue": {
      "version": "2.6.12",
      "resolved": "https://registry.npmjs.org/vue/-/vue-2.6.12.tgz",
      "integrity": "sha512-uhmLFETqPPNyuLLbsKz6ioJ4q7AZHzD8ZVFNATNyICSZouqP2Sz0rotWQC8UNBF6VGSCs5abnKJoStA6JbCbfg=="
    },
    "vue-router": {
      "version": "2.8.1",
      "resolved": "https://registry.npmjs.org/vue-router/-/vue-router-2.8.1.tgz",
      "integrity": "sha512-MC4jacHBhTPKtmcfzvaj2N7g6jgJ/Z/eIjZdt+yUaUOM1iKC0OUIlO/xCtz6OZFFTNUJs/1YNro2GN/lE+nOXA=="
    }
  }
}
